
Microsoft Visual Studio Solution File, Format Version 12.00
# Visual Studio Version 17
VisualStudioVersion = 17.14.36109.1
MinimumVisualStudioVersion = 10.0.40219.1
Project("{FAE04EC0-301F-11D3-BF4B-00C04F79EFBC}") = "TaskToTask.Domain", "TaskToTask.Domain\TaskToTask.Domain.csproj", "{0069FFEC-AE0F-43BF-85DC-2361C16754E3}"
EndProject
Project("{FAE04EC0-301F-11D3-BF4B-00C04F79EFBC}") = "TaskToTask.DataAccess", "TaskToTask.DataAccess\TaskToTask.DataAccess.csproj", "{954796AE-C04E-434A-9E8F-F92D9EB7ACF3}"
	ProjectSection(ProjectDependencies) = postProject
		{79982DEA-C66E-4AED-B37C-55BD539A6B06} = {79982DEA-C66E-4AED-B37C-55BD539A6B06}
	EndProjectSection
EndProject
Project("{FAE04EC0-301F-11D3-BF4B-00C04F79EFBC}") = "TaskToTask.Application", "TaskToTask.Application\TaskToTask.Application.csproj", "{79982DEA-C66E-4AED-B37C-55BD539A6B06}"
	ProjectSection(ProjectDependencies) = postProject
		{0069FFEC-AE0F-43BF-85DC-2361C16754E3} = {0069FFEC-AE0F-43BF-85DC-2361C16754E3}
	EndProjectSection
EndProject
Project("{FAE04EC0-301F-11D3-BF4B-00C04F79EFBC}") = "TaskToTask.WebAPI", "TaskToTask.WebAPI\TaskToTask.WebAPI.csproj", "{F363036B-8045-4E24-84A4-600921DBC128}"
	ProjectSection(ProjectDependencies) = postProject
		{79982DEA-C66E-4AED-B37C-55BD539A6B06} = {79982DEA-C66E-4AED-B37C-55BD539A6B06}
		{954796AE-C04E-434A-9E8F-F92D9EB7ACF3} = {954796AE-C04E-434A-9E8F-F92D9EB7ACF3}
	EndProjectSection
EndProject
Project("{FAE04EC0-301F-11D3-BF4B-00C04F79EFBC}") = "TaskToTask.Infrastructure", "TaskToTask.Infrastructure\TaskToTask.Infrastructure.csproj", "{4162F061-D99E-4B0D-9FDD-B94C37D40D60}"
EndProject
Global
	GlobalSection(SolutionConfigurationPlatforms) = preSolution
		Debug|Any CPU = Debug|Any CPU
		Release|Any CPU = Release|Any CPU
	EndGlobalSection
	GlobalSection(ProjectConfigurationPlatforms) = postSolution
		{0069FFEC-AE0F-43BF-85DC-2361C16754E3}.Debug|Any CPU.ActiveCfg = Debug|Any CPU
		{0069FFEC-AE0F-43BF-85DC-2361C16754E3}.Debug|Any CPU.Build.0 = Debug|Any CPU
		{0069FFEC-AE0F-43BF-85DC-2361C16754E3}.Release|Any CPU.ActiveCfg = Release|Any CPU
		{0069FFEC-AE0F-43BF-85DC-2361C16754E3}.Release|Any CPU.Build.0 = Release|Any CPU
		{954796AE-C04E-434A-9E8F-F92D9EB7ACF3}.Debug|Any CPU.ActiveCfg = Debug|Any CPU
		{954796AE-C04E-434A-9E8F-F92D9EB7ACF3}.Debug|Any CPU.Build.0 = Debug|Any CPU
		{954796AE-C04E-434A-9E8F-F92D9EB7ACF3}.Release|Any CPU.ActiveCfg = Release|Any CPU
		{954796AE-C04E-434A-9E8F-F92D9EB7ACF3}.Release|Any CPU.Build.0 = Release|Any CPU
		{79982DEA-C66E-4AED-B37C-55BD539A6B06}.Debug|Any CPU.ActiveCfg = Debug|Any CPU
		{79982DEA-C66E-4AED-B37C-55BD539A6B06}.Debug|Any CPU.Build.0 = Debug|Any CPU
		{79982DEA-C66E-4AED-B37C-55BD539A6B06}.Release|Any CPU.ActiveCfg = Release|Any CPU
		{79982DEA-C66E-4AED-B37C-55BD539A6B06}.Release|Any CPU.Build.0 = Release|Any CPU
		{F363036B-8045-4E24-84A4-600921DBC128}.Debug|Any CPU.ActiveCfg = Debug|Any CPU
		{F363036B-8045-4E24-84A4-600921DBC128}.Debug|Any CPU.Build.0 = Debug|Any CPU
		{F363036B-8045-4E24-84A4-600921DBC128}.Release|Any CPU.ActiveCfg = Release|Any CPU
		{F363036B-8045-4E24-84A4-600921DBC128}.Release|Any CPU.Build.0 = Release|Any CPU
		{4162F061-D99E-4B0D-9FDD-B94C37D40D60}.Debug|Any CPU.ActiveCfg = Debug|Any CPU
		{4162F061-D99E-4B0D-9FDD-B94C37D40D60}.Debug|Any CPU.Build.0 = Debug|Any CPU
		{4162F061-D99E-4B0D-9FDD-B94C37D40D60}.Release|Any CPU.ActiveCfg = Release|Any CPU
		{4162F061-D99E-4B0D-9FDD-B94C37D40D60}.Release|Any CPU.Build.0 = Release|Any CPU
	EndGlobalSection
	GlobalSection(SolutionProperties) = preSolution
		HideSolutionNode = FALSE
	EndGlobalSection
	GlobalSection(ExtensibilityGlobals) = postSolution
		SolutionGuid = {627A15C6-6D2C-4454-A926-FFAF052FDCF9}
	EndGlobalSection
EndGlobal
